
Microsoft Visual Studio Solution File, Format Version 12.00
# Visual Studio Version 17
VisualStudioVersion = 17.13.35825.156 d17.13
MinimumVisualStudioVersion = 10.0.40219.1
Project("{FAE04EC0-301F-11D3-BF4B-00C04F79EFBC}") = "Ejercicios Clase 3", "Ejercicios Clase 3.csproj", "{AAC4AE2F-4435-4CF6-B1F9-736FCA13005A}"
EndProject
Global
	GlobalSection(SolutionConfigurationPlatforms) = preSolution
		Debug|Any CPU = Debug|Any CPU
		Release|Any CPU = Release|Any CPU
	EndGlobalSection
	GlobalSection(ProjectConfigurationPlatforms) = postSolution
		{AAC4AE2F-4435-4CF6-B1F9-736FCA13005A}.Debug|Any CPU.ActiveCfg = Debug|Any CPU
		{AAC4AE2F-4435-4CF6-B1F9-736FCA13005A}.Debug|Any CPU.Build.0 = Debug|Any CPU
		{AAC4AE2F-4435-4CF6-B1F9-736FCA13005A}.Release|Any CPU.ActiveCfg = Release|Any CPU
		{AAC4AE2F-4435-4CF6-B1F9-736FCA13005A}.Release|Any CPU.Build.0 = Release|Any CPU
	EndGlobalSection
	GlobalSection(SolutionProperties) = preSolution
		HideSolutionNode = FALSE
	EndGlobalSection
	GlobalSection(ExtensibilityGlobals) = postSolution
		SolutionGuid = {9E29742B-6696-4226-B8B1-CB3ACD0E3EB1}
	EndGlobalSection
EndGlobal
